dependencies:
- name: vault
  repository: https://helm.releases.hashicorp.com
  version: 0.30.1
- name: external-secrets
  repository: https://charts.external-secrets.io
  version: 0.15.1
- name: longhorn
  repository: https://charts.longhorn.io
  version: 1.9.1
- name: cert-manager
  repository: https://charts.jetstack.io
  version: v1.18.2
digest: sha256:7277f80fbf867ddcee8522ba8d8d0cbf257521cb92f8a579879b4808063f725f
generated: "2025-09-02T12:43:01.07139395+02:00"
